
Microsoft Visual Studio Solution File, Format Version 12.00
# Visual Studio Version 17
VisualStudioVersion = 17.3.32819.101
MinimumVisualStudioVersion = 10.0.40219.1
Project("{FAE04EC0-301F-11D3-BF4B-00C04F79EFBC}") = "MusicPlayer", "MusicPlayer\MusicPlayer.csproj", "{2C929859-09EA-43C4-8106-112E5C2EEB4A}"
EndProject
Global
	GlobalSection(SolutionConfigurationPlatforms) = preSolution
		Debug|Any CPU = Debug|Any CPU
		Release|Any CPU = Release|Any CPU
	EndGlobalSection
	GlobalSection(ProjectConfigurationPlatforms) = postSolution
		{2C929859-09EA-43C4-8106-112E5C2EEB4A}.Debug|Any CPU.ActiveCfg = Debug|Any CPU
		{2C929859-09EA-43C4-8106-112E5C2EEB4A}.Debug|Any CPU.Build.0 = Debug|Any CPU
		{2C929859-09EA-43C4-8106-112E5C2EEB4A}.Release|Any CPU.ActiveCfg = Release|Any CPU
		{2C929859-09EA-43C4-8106-112E5C2EEB4A}.Release|Any CPU.Build.0 = Release|Any CPU
	EndGlobalSection
	GlobalSection(SolutionProperties) = preSolution
		HideSolutionNode = FALSE
	EndGlobalSection
	GlobalSection(ExtensibilityGlobals) = postSolution
		SolutionGuid = {EA6437F2-7990-46AA-B9FF-FC364182BCF1}
	EndGlobalSection
EndGlobal
